# THIS IS AN AUTOGENERATED FILE. DO NOT EDIT THIS FILE DIRECTLY.
# yarn lockfile v1


immer@^0.7.0:
  version "0.7.0"
  resolved "https://registry.yarnpkg.com/immer/-/immer-0.7.0.tgz#926200dcf5453815e477b2470a49137e9201df1b"

reselect@^3.0.1:
  version "3.0.1"
  resolved "https://registry.yarnpkg.com/reselect/-/reselect-3.0.1.tgz#efdaa98ea7451324d092b2b2163a6a1d7a9a2147"
